
Microsoft Visual Studio Solution File, Format Version 12.00
# Visual Studio Version 17
VisualStudioVersion = 17.7.34302.85
MinimumVisualStudioVersion = 10.0.40219.1
Project("{9A19103F-16F7-4668-BE54-9A1E7A4F7556}") = "ISWalksApi", "NZWalksApi\ISWalksApi.csproj", "{DCD9D9AD-D0BF-4AFC-87C2-825CC9434341}"
EndProject
Global
	GlobalSection(SolutionConfigurationPlatforms) = preSolution
		Debug|Any CPU = Debug|Any CPU
		Release|Any CPU = Release|Any CPU
	EndGlobalSection
	GlobalSection(ProjectConfigurationPlatforms) = postSolution
		{DCD9D9AD-D0BF-4AFC-87C2-825CC9434341}.Debug|Any CPU.ActiveCfg = Debug|Any CPU
		{DCD9D9AD-D0BF-4AFC-87C2-825CC9434341}.Debug|Any CPU.Build.0 = Debug|Any CPU
		{DCD9D9AD-D0BF-4AFC-87C2-825CC9434341}.Release|Any CPU.ActiveCfg = Release|Any CPU
		{DCD9D9AD-D0BF-4AFC-87C2-825CC9434341}.Release|Any CPU.Build.0 = Release|Any CPU
	EndGlobalSection
	GlobalSection(SolutionProperties) = preSolution
		HideSolutionNode = FALSE
	EndGlobalSection
	GlobalSection(ExtensibilityGlobals) = postSolution
		SolutionGuid = {F4CF06D2-D58E-4542-AF51-0A8C3A7ECC24}
	EndGlobalSection
EndGlobal
